{
    "_readme": [
        "This file locks the dependencies of your project to a known state",
        "Read more about it at https://getcomposer.org/doc/01-basic-usage.md#installing-dependencies",
        "This file is @generated automatically"
    ],
    "content-hash": "203864cb0fbc67aa6f1de4f8ce3369ef",
    "packages": [
        {
            "name": "voronkovich/sberbank-acquiring-client",
            "version": "v2.10.1",
            "source": {
                "type": "git",
                "url": "https://github.com/voronkovich/sberbank-acquiring-client.git",
                "reference": "5488b82c58451484519feebf9f52888f0e28f923"
            },
            "dist": {
                "type": "zip",
                "url": "https://api.github.com/repos/voronkovich/sberbank-acquiring-client/zipball/5488b82c58451484519feebf9f52888f0e28f923",
                "reference": "5488b82c58451484519feebf9f52888f0e28f923",
                "shasum": ""
            },
            "require": {
                "ext-json": "*",
                "php": "^7.1||^8"
            },
            "type": "library",
            "autoload": {
                "psr-4": {
                    "Voronkovich\\SberbankAcquiring\\": "src/"
                }
            },
            "notification-url": "https://packagist.org/downloads/",
            "license": [
                "MIT"
            ],
            "authors": [
                {
                    "name": "Oleg Voronkovich",
                    "email": "oleg-voronkovich@yandex.ru"
                }
            ],
            "description": "Client for working with Sberbank's acquiring REST API",
            "homepage": "https://github.com/voronkovich/sberbank-acquiring-client",
            "keywords": [
                "acquiring",
                "client",
                "credit card",
                "sberbank"
            ],
            "support": {
                "issues": "https://github.com/voronkovich/sberbank-acquiring-client/issues",
                "source": "https://github.com/voronkovich/sberbank-acquiring-client/tree/v2.10.1"
            },
            "funding": [
                {
                    "url": "https://ko-fi.com/voronkovich",
                    "type": "ko_fi"
                }
            ],
            "time": "2025-03-04T13:54:15+00:00"
        }
    ],
    "packages-dev": [],
    "aliases": [],
    "minimum-stability": "stable",
    "stability-flags": {},
    "prefer-stable": false,
    "prefer-lowest": false,
    "platform": {
        "php": ">=7.4"
    },
    "platform-dev": {},
    "plugin-api-version": "2.9.0"
}
